
Microsoft Visual Studio Solution File, Format Version 12.00
# Visual Studio Version 16
VisualStudioVersion = 16.0.29911.84
MinimumVisualStudioVersion = 10.0.40219.1
Project("{FAE04EC0-301F-11D3-BF4B-00C04F79EFBC}") = "TP2Articulo", "TP2Articulo.csproj", "{5510E298-AF27-408D-BDCE-C873788997AF}"
EndProject
Project("{FAE04EC0-301F-11D3-BF4B-00C04F79EFBC}") = "Dominio", "Dominio\Dominio.csproj", "{B1B866FA-8362-4624-8D4D-2646016706A5}"
EndProject
Project("{FAE04EC0-301F-11D3-BF4B-00C04F79EFBC}") = "Negocio", "Negocio\Negocio.csproj", "{F989675E-3373-49CF-9C36-665BE8DA280B}"
EndProject
Global
	GlobalSection(SolutionConfigurationPlatforms) = preSolution
		Debug|Any CPU = Debug|Any CPU
		Release|Any CPU = Release|Any CPU
	EndGlobalSection
	GlobalSection(ProjectConfigurationPlatforms) = postSolution
		{5510E298-AF27-408D-BDCE-C873788997AF}.Debug|Any CPU.ActiveCfg = Debug|Any CPU
		{5510E298-AF27-408D-BDCE-C873788997AF}.Debug|Any CPU.Build.0 = Debug|Any CPU
		{5510E298-AF27-408D-BDCE-C873788997AF}.Release|Any CPU.ActiveCfg = Release|Any CPU
		{5510E298-AF27-408D-BDCE-C873788997AF}.Release|Any CPU.Build.0 = Release|Any CPU
		{B1B866FA-8362-4624-8D4D-2646016706A5}.Debug|Any CPU.ActiveCfg = Debug|Any CPU
		{B1B866FA-8362-4624-8D4D-2646016706A5}.Debug|Any CPU.Build.0 = Debug|Any CPU
		{B1B866FA-8362-4624-8D4D-2646016706A5}.Release|Any CPU.ActiveCfg = Release|Any CPU
		{B1B866FA-8362-4624-8D4D-2646016706A5}.Release|Any CPU.Build.0 = Release|Any CPU
		{F989675E-3373-49CF-9C36-665BE8DA280B}.Debug|Any CPU.ActiveCfg = Debug|Any CPU
		{F989675E-3373-49CF-9C36-665BE8DA280B}.Debug|Any CPU.Build.0 = Debug|Any CPU
		{F989675E-3373-49CF-9C36-665BE8DA280B}.Release|Any CPU.ActiveCfg = Release|Any CPU
		{F989675E-3373-49CF-9C36-665BE8DA280B}.Release|Any CPU.Build.0 = Release|Any CPU
	EndGlobalSection
	GlobalSection(SolutionProperties) = preSolution
		HideSolutionNode = FALSE
	EndGlobalSection
	GlobalSection(ExtensibilityGlobals) = postSolution
		SolutionGuid = {CDED07A9-7CF6-4CAA-9CAE-26D8DBD70A9B}
	EndGlobalSection
EndGlobal
